{
  "name": "agent-shield",
  "version": "1.0.0",
  "lockfileVersion": 3,
  "requires": true,
  "packages": {
    "": {
      "name": "agent-shield",
      "version": "1.0.0",
      "license": "MIT",
      "bin": {
        "agent-shield": "bin/agent-shield.js"
      },
      "engines": {
        "node": ">=16.0.0"
      }
    }
  }
}
